
Microsoft Visual Studio Solution File, Format Version 12.00
# Visual Studio 15
VisualStudioVersion = 15.0.26730.15
MinimumVisualStudioVersion = 10.0.40219.1
Project("{FAE04EC0-301F-11D3-BF4B-00C04F79EFBC}") = "PerformanceEngineering", "PerformanceEngineering\PerformanceEngineering.csproj", "{9B6C79DC-27B7-4752-AECF-88CAA82AA6FE}"
EndProject
Global
	GlobalSection(SolutionConfigurationPlatforms) = preSolution
		Debug|Any CPU = Debug|Any CPU
		Release|Any CPU = Release|Any CPU
	EndGlobalSection
	GlobalSection(ProjectConfigurationPlatforms) = postSolution
		{9B6C79DC-27B7-4752-AECF-88CAA82AA6FE}.Debug|Any CPU.ActiveCfg = Debug|Any CPU
		{9B6C79DC-27B7-4752-AECF-88CAA82AA6FE}.Debug|Any CPU.Build.0 = Debug|Any CPU
		{9B6C79DC-27B7-4752-AECF-88CAA82AA6FE}.Release|Any CPU.ActiveCfg = Release|Any CPU
		{9B6C79DC-27B7-4752-AECF-88CAA82AA6FE}.Release|Any CPU.Build.0 = Release|Any CPU
	EndGlobalSection
	GlobalSection(SolutionProperties) = preSolution
		HideSolutionNode = FALSE
	EndGlobalSection
	GlobalSection(ExtensibilityGlobals) = postSolution
		SolutionGuid = {7F353EDF-EBD6-4B7D-8308-394DF32C4C3D}
	EndGlobalSection
EndGlobal
